{
  "name": "slick_temple_source",
  "version": "0.0.0",
  "lockfileVersion": 1,
  "requires": true,
  "dependencies": {
    "source-code-pro": {
      "version": "2.30.1",
      "resolved": "https://registry.npmjs.org/source-code-pro/-/source-code-pro-2.30.1.tgz",
      "integrity": "sha512-nuXnTwI2qKk8b8qaEohX8VaOG7XaElctlWAIGTC9PxkO3xkPJxhJO4EbfdaUgVWnbcsK8qr4un9aq9EhxKUBxQ=="
    },
    "source-sans-pro": {
      "version": "2.40.0",
      "resolved": "https://registry.npmjs.org/source-sans-pro/-/source-sans-pro-2.40.0.tgz",
      "integrity": "sha512-GDeEWydUTN74axui10gY/e7iqV+ksUkOgfJGrR5iLgnVqwff3ytsc+MEQdufeJQNfkn9+w4RfBP/iVDPPfIYLw=="
    },
    "source-serif-pro": {
      "version": "2.0.7",
      "resolved": "https://registry.npmjs.org/source-serif-pro/-/source-serif-pro-2.0.7.tgz",
      "integrity": "sha512-+W7ufQ9gvB0panUJb2YmllLMo+YX8XVZsMIvxNcE2jMhf02qWcrzIJSKK35w00DD7Pv8lq1bhhqzfDgGrTq6iw=="
    }
  }
}
